
Microsoft Visual Studio Solution File, Format Version 12.00
# Visual Studio Version 17
VisualStudioVersion = 17.10.34928.147
MinimumVisualStudioVersion = 10.0.40219.1
Project("{9A19103F-16F7-4668-BE54-9A1E7A4F7556}") = "Slice.WebApi", "Slice.WebApi\Slice.WebApi\Slice.WebApi.csproj", "{0592792C-7266-441B-BD42-278D275AFE32}"
EndProject
Project("{2150E333-8FDC-42A3-9474-1A3956D46DE8}") = "Solution Items", "Solution Items", "{B45CCF10-452B-4329-9C14-8352EF9BD0CD}"
	ProjectSection(SolutionItems) = preProject
		.gitignore = .gitignore
	EndProjectSection
EndProject
Global
	GlobalSection(SolutionConfigurationPlatforms) = preSolution
		Debug|Any CPU = Debug|Any CPU
		Release|Any CPU = Release|Any CPU
	EndGlobalSection
	GlobalSection(ProjectConfigurationPlatforms) = postSolution
		{0592792C-7266-441B-BD42-278D275AFE32}.Debug|Any CPU.ActiveCfg = Debug|Any CPU
		{0592792C-7266-441B-BD42-278D275AFE32}.Debug|Any CPU.Build.0 = Debug|Any CPU
		{0592792C-7266-441B-BD42-278D275AFE32}.Release|Any CPU.ActiveCfg = Release|Any CPU
		{0592792C-7266-441B-BD42-278D275AFE32}.Release|Any CPU.Build.0 = Release|Any CPU
	EndGlobalSection
	GlobalSection(SolutionProperties) = preSolution
		HideSolutionNode = FALSE
	EndGlobalSection
	GlobalSection(ExtensibilityGlobals) = postSolution
		SolutionGuid = {161BF983-CC5F-4527-BD1E-2BA8F7234FA2}
	EndGlobalSection
EndGlobal
